
Microsoft Visual Studio Solution File, Format Version 12.00
# Visual Studio 15
VisualStudioVersion = 15.0.27428.2037
MinimumVisualStudioVersion = 10.0.40219.1
Project("{FAE04EC0-301F-11D3-BF4B-00C04F79EFBC}") = "UPM", "UPM\UPM.csproj", "{B352E4AF-4721-4E8D-AF63-680F6E144412}"
EndProject
Project("{FAE04EC0-301F-11D3-BF4B-00C04F79EFBC}") = "DisconnectDB", "DisconnectDB\DisconnectDB.csproj", "{8C4A102D-C40B-4AD8-95F5-EBD2267C385D}"
EndProject
Global
	GlobalSection(SolutionConfigurationPlatforms) = preSolution
		Debug|Any CPU = Debug|Any CPU
		Debug|x86 = Debug|x86
		Release|Any CPU = Release|Any CPU
		Release|x86 = Release|x86
	EndGlobalSection
	GlobalSection(ProjectConfigurationPlatforms) = postSolution
		{B352E4AF-4721-4E8D-AF63-680F6E144412}.Debug|Any CPU.ActiveCfg = Debug|Any CPU
		{B352E4AF-4721-4E8D-AF63-680F6E144412}.Debug|Any CPU.Build.0 = Debug|Any CPU
		{B352E4AF-4721-4E8D-AF63-680F6E144412}.Debug|x86.ActiveCfg = Debug|Any CPU
		{B352E4AF-4721-4E8D-AF63-680F6E144412}.Release|Any CPU.ActiveCfg = Release|Any CPU
		{B352E4AF-4721-4E8D-AF63-680F6E144412}.Release|Any CPU.Build.0 = Release|Any CPU
		{B352E4AF-4721-4E8D-AF63-680F6E144412}.Release|x86.ActiveCfg = Release|Any CPU
		{8C4A102D-C40B-4AD8-95F5-EBD2267C385D}.Debug|Any CPU.ActiveCfg = Debug|Any CPU
		{8C4A102D-C40B-4AD8-95F5-EBD2267C385D}.Debug|Any CPU.Build.0 = Debug|Any CPU
		{8C4A102D-C40B-4AD8-95F5-EBD2267C385D}.Debug|x86.ActiveCfg = Debug|Any CPU
		{8C4A102D-C40B-4AD8-95F5-EBD2267C385D}.Debug|x86.Build.0 = Debug|Any CPU
		{8C4A102D-C40B-4AD8-95F5-EBD2267C385D}.Release|Any CPU.ActiveCfg = Release|Any CPU
		{8C4A102D-C40B-4AD8-95F5-EBD2267C385D}.Release|Any CPU.Build.0 = Release|Any CPU
		{8C4A102D-C40B-4AD8-95F5-EBD2267C385D}.Release|x86.ActiveCfg = Release|Any CPU
		{8C4A102D-C40B-4AD8-95F5-EBD2267C385D}.Release|x86.Build.0 = Release|Any CPU
	EndGlobalSection
	GlobalSection(SolutionProperties) = preSolution
		HideSolutionNode = FALSE
	EndGlobalSection
	GlobalSection(ExtensibilityGlobals) = postSolution
		SolutionGuid = {81DA3EC9-1124-4D39-8922-4E724A315FEC}
	EndGlobalSection
EndGlobal
